
Microsoft Visual Studio Solution File, Format Version 12.00
# Visual Studio 15
VisualStudioVersion = 15.0.26730.16
MinimumVisualStudioVersion = 10.0.40219.1
Project("{FAE04EC0-301F-11D3-BF4B-00C04F79EFBC}") = "News.API", "News.API\News.API.csproj", "{EB387C2D-0BE3-4151-87C1-30AB1D5FB81E}"
EndProject
Project("{FAE04EC0-301F-11D3-BF4B-00C04F79EFBC}") = "News.DataAccess", "News.DataAccess\News.DataAccess.csproj", "{4556AD6B-DB46-48E3-B82F-F0B6E13C9DDE}"
EndProject
Project("{FAE04EC0-301F-11D3-BF4B-00C04F79EFBC}") = "News.Entity", "News.Entity\News.Entity.csproj", "{86D71AEA-8105-4187-8501-2DA6D770726A}"
EndProject
Project("{FAE04EC0-301F-11D3-BF4B-00C04F79EFBC}") = "News.Web", "News.Web\News.Web.csproj", "{4B67CBFA-D338-4C57-9CE5-E9D0D81AA6F3}"
EndProject
Project("{FAE04EC0-301F-11D3-BF4B-00C04F79EFBC}") = "News.API.UnitTests", "News.API.UnitTests\News.API.UnitTests.csproj", "{D541872E-778E-4702-BDDC-9114816CD598}"
EndProject
Global
	GlobalSection(SolutionConfigurationPlatforms) = preSolution
		Debug|Any CPU = Debug|Any CPU
		Release|Any CPU = Release|Any CPU
	EndGlobalSection
	GlobalSection(ProjectConfigurationPlatforms) = postSolution
		{EB387C2D-0BE3-4151-87C1-30AB1D5FB81E}.Debug|Any CPU.ActiveCfg = Debug|Any CPU
		{EB387C2D-0BE3-4151-87C1-30AB1D5FB81E}.Debug|Any CPU.Build.0 = Debug|Any CPU
		{EB387C2D-0BE3-4151-87C1-30AB1D5FB81E}.Release|Any CPU.ActiveCfg = Release|Any CPU
		{EB387C2D-0BE3-4151-87C1-30AB1D5FB81E}.Release|Any CPU.Build.0 = Release|Any CPU
		{4556AD6B-DB46-48E3-B82F-F0B6E13C9DDE}.Debug|Any CPU.ActiveCfg = Debug|Any CPU
		{4556AD6B-DB46-48E3-B82F-F0B6E13C9DDE}.Debug|Any CPU.Build.0 = Debug|Any CPU
		{4556AD6B-DB46-48E3-B82F-F0B6E13C9DDE}.Release|Any CPU.ActiveCfg = Release|Any CPU
		{4556AD6B-DB46-48E3-B82F-F0B6E13C9DDE}.Release|Any CPU.Build.0 = Release|Any CPU
		{86D71AEA-8105-4187-8501-2DA6D770726A}.Debug|Any CPU.ActiveCfg = Debug|Any CPU
		{86D71AEA-8105-4187-8501-2DA6D770726A}.Debug|Any CPU.Build.0 = Debug|Any CPU
		{86D71AEA-8105-4187-8501-2DA6D770726A}.Release|Any CPU.ActiveCfg = Release|Any CPU
		{86D71AEA-8105-4187-8501-2DA6D770726A}.Release|Any CPU.Build.0 = Release|Any CPU
		{4B67CBFA-D338-4C57-9CE5-E9D0D81AA6F3}.Debug|Any CPU.ActiveCfg = Debug|Any CPU
		{4B67CBFA-D338-4C57-9CE5-E9D0D81AA6F3}.Debug|Any CPU.Build.0 = Debug|Any CPU
		{4B67CBFA-D338-4C57-9CE5-E9D0D81AA6F3}.Release|Any CPU.ActiveCfg = Release|Any CPU
		{4B67CBFA-D338-4C57-9CE5-E9D0D81AA6F3}.Release|Any CPU.Build.0 = Release|Any CPU
		{D541872E-778E-4702-BDDC-9114816CD598}.Debug|Any CPU.ActiveCfg = Debug|Any CPU
		{D541872E-778E-4702-BDDC-9114816CD598}.Debug|Any CPU.Build.0 = Debug|Any CPU
		{D541872E-778E-4702-BDDC-9114816CD598}.Release|Any CPU.ActiveCfg = Release|Any CPU
		{D541872E-778E-4702-BDDC-9114816CD598}.Release|Any CPU.Build.0 = Release|Any CPU
	EndGlobalSection
	GlobalSection(SolutionProperties) = preSolution
		HideSolutionNode = FALSE
	EndGlobalSection
	GlobalSection(ExtensibilityGlobals) = postSolution
		SolutionGuid = {1CC99474-ECE1-4BE8-AB55-413286A37536}
	EndGlobalSection
EndGlobal
